# This file is autogenerated, do not edit; changes may be undone by the next 'dep ensure'.


[[projects]]
  digest = "1:a24d4f0bfca235899423e806a033447bb840d48970ecd8e1bc409537d0289c23"
  name = "cloud.google.com/go"
  packages = ["compute/metadata"]
  pruneopts = "NUT"
  revision = "cfe8f6d1fe6976d03af790d7a8b9bf6aa73287bd"
  version = "v0.47.0"

[[projects]]
  branch = "go15"
  digest = "1:8dab0033e231d02909f00a501a1f1ac01e63fd267dcb374a5de71b99ba1ee74f"
  name = "github.com/ajeddeloh/go-json"
  packages = ["."]
  pruneopts = "NUT"
  revision = "6a2fe990e08303c82d966297ddb29a58678a4783"

[[projects]]
  digest = "1:dfc48e1a293a468126069586733806f62cbf485d87780881ea9106cdb68d38bb"
  name = "github.com/ajeddeloh/yaml"
  packages = ["."]
  pruneopts = "NUT"
  revision = "6b94386aeefd8c4b8470aee72bfca084c2f91da9"

[[projects]]
  branch = "master"
  digest = "1:278f733beeec2d654fc7412dbfa2dff194245e13c720bef8d4e284e0e25708f5"
  name = "github.com/alecthomas/units"
  packages = ["."]
  pruneopts = "NUT"
  revision = "f65c72e2690dc4b403c8bd637baf4611cd4c069b"

[[projects]]
  digest = "1:707ebe952a8b3d00b343c01536c79c73771d100f63ec6babeaed5c79e2b8a8dd"
  name = "github.com/beorn7/perks"
  packages = ["quantile"]
  pruneopts = "NUT"
  revision = "37c8de3658fcb183f997c4e13e8337516ab753e6"
  version = "v1.0.1"

[[projects]]
  digest = "1:beedaa1ce9cb1ddb4dc511a68d9d128773e6ada0a1bd8b9bc4b7d7026617b535"
  name = "github.com/coreos/container-linux-config-transpiler"
  packages = [
    "config",
    "config/astyaml",
    "config/platform",
    "config/templating",
    "config/types",
    "config/types/util",
    "internal/util",
  ]
  pruneopts = "NUT"
  revision = "e2f6c9440215117e896cd70a0d489dc070080d37"
  version = "v0.9.0"

[[projects]]
  digest = "1:05ffeeed3f0f05520de0679f6aa3219ffee69cfd6d9fb6c194879d4c818ad670"
  name = "github.com/coreos/go-semver"
  packages = ["semver"]
  pruneopts = "NUT"
  revision = "e214231b295a8ea9479f11b70b35d5acf3556d9b"
  version = "v0.3.0"

[[projects]]
  digest = "1:027c348e13b5f924c925aebf0d2932545644c78da3f43cc82327220286084539"
  name = "github.com/coreos/go-systemd"
  packages = ["unit"]
  pruneopts = "NUT"
  revision = "e64a0ec8b42a61e2a9801dc1d0abe539dea79197"
  version = "v20"

[[projects]]
  digest = "1:989dc9f4ccb29612d86101eaf420df014c0d849c79de399f28b2d808b51ddbdd"
  name = "github.com/coreos/ignition"
  packages = [
    "config/shared/errors",
    "config/shared/validations",
    "config/v2_2/types",
    "config/validate",
    "config/validate/astjson",
    "config/validate/astnode",
    "config/validate/report",
  ]
  pruneopts = "NUT"
  revision = "c65e95cdaecd7268e1d345c804557a1990a66314"
  version = "v0.33.0"

[[projects]]
  digest = "1:ffe9824d294da03b391f44e1ae8281281b4afc1bdaa9588c9097785e3af10cec"
  name = "github.com/davecgh/go-spew"
  packages = ["spew"]
  pruneopts = "NUT"
  revision = "8991bc29aa16c548c550c7ff78260e27b9ab7c73"
  version = "v1.1.1"

[[projects]]
  digest = "1:4304cca260ab815326ca42d9c28fb843342748267034c51963e13f5e54e727d1"
  name = "github.com/evanphx/json-patch"
  packages = ["."]
  pruneopts = "NUT"
  revision = "026c730a0dcc5d11f93f1cf1cc65b01247ea7b6f"
  version = "v4.5.0"

[[projects]]
  digest = "1:ade392a843b2035effb4b4a2efa2c3bab3eb29b992e98bacf9c898b0ecb54e45"
  name = "github.com/fatih/color"
  packages = ["."]
  pruneopts = "NUT"
  revision = "5b77d2a35fb0ede96d138fc9a99f5c9b6aef11b4"
  version = "v1.7.0"

[[projects]]
  branch = "master"
  digest = "1:7c0e810ffc99b7222a9c58410ea5ea5b03b128fe3b8eefedcd0c363882ae7019"
  name = "github.com/go-log/log"
  packages = [
    ".",
    "info",
  ]
  pruneopts = "NUT"
  revision = "a514cf01a3eb56ec6aff9ae5663453d990e68ed3"

[[projects]]
  digest = "1:53becd66889185091b58ea3fc49294996f2179fb05a89702f4de7d15e581b509"
  name = "github.com/go-logr/logr"
  packages = ["."]
  pruneopts = "NUT"
  revision = "9fb12b3b21c5415d16ac18dc5cd42c1cfdd40c4e"
  version = "v0.1.0"

[[projects]]
  digest = "1:863a8a52b28cb6a2e6c7cb479b21a98410a5c433e41ccc9f5130babf23f7ae93"
  name = "github.com/gobuffalo/flect"
  packages = ["."]
  pruneopts = "NUT"
  revision = "86360480338dcc8c7b61de28a928595f77079989"
  version = "v0.1.6"

[[projects]]
  digest = "1:2b0e6c0bea11257c646616ebd6a62be0ef2b6a0fd8210ac3caeaf57ee136123b"
  name = "github.com/gogo/protobuf"
  packages = [
    "proto",
    "sortkeys",
  ]
  pruneopts = "NUT"
  revision = "5628607bb4c51c3157aacc3a50f0ab707582b805"
  version = "v1.3.1"

[[projects]]
  branch = "master"
  digest = "1:b7cb6054d3dff43b38ad2e92492f220f57ae6087ee797dca298139776749ace8"
  name = "github.com/golang/groupcache"
  packages = ["lru"]
  pruneopts = "NUT"
  revision = "611e8accdfc92c4187d399e95ce826046d4c8d73"

[[projects]]
  digest = "1:796f9c63c68774a89eade387a8476e45ec2b34f5649b0726983204202c3649d6"
  name = "github.com/golang/protobuf"
  packages = [
    "proto",
    "ptypes",
    "ptypes/any",
    "ptypes/duration",
    "ptypes/timestamp",
  ]
  pruneopts = "NUT"
  revision = "6c65a5562fc06764971b7c5d05c76c75e84bdbf7"
  version = "v1.3.2"

[[projects]]
  digest = "1:1d1cbf539d9ac35eb3148129f96be5537f1a1330cadcc7e3a83b4e72a59672a3"
  name = "github.com/google/go-cmp"
  packages = [
    "cmp",
    "cmp/internal/diff",
    "cmp/internal/flags",
    "cmp/internal/function",
    "cmp/internal/value",
  ]
  pruneopts = "NUT"
  revision = "2d0692c2e9617365a95b295612ac0d4415ba4627"
  version = "v0.3.1"

[[projects]]
  digest = "1:52c5834e2bebac9030c97cc0798ac11c3aa8a39f098aeb419f142533da6cd3cc"
  name = "github.com/google/gofuzz"
  packages = ["."]
  pruneopts = "NUT"
  revision = "f140a6486e521aad38f5917de355cbf147cc0496"
  version = "v1.0.0"

[[projects]]
  digest = "1:ab3ec1fe3e39bac4b3ab63390767766622be35b7cab03f47f787f9ec60522a53"
  name = "github.com/google/uuid"
  packages = ["."]
  pruneopts = "NUT"
  revision = "0cd6bf5da1e1c83f8b45653022c74f71af0538a4"
  version = "v1.1.1"

[[projects]]
  digest = "1:5e092394bed250d7fda36cef8b7e1d22bb2d5f71878bbb137be5fc1c2705f965"
  name = "github.com/googleapis/gnostic"
  packages = [
    "OpenAPIv2",
    "compiler",
    "extensions",
  ]
  pruneopts = "NUT"
  revision = "ab0dd09aa10e2952b28e12ecd35681b20463ebab"
  version = "v0.3.1"

[[projects]]
  branch = "master"
  digest = "1:11a1c19c48edfb00986c3d11842b5aae6c47453ce3b5e10e2f19541e97764dfe"
  name = "github.com/gophercloud/gophercloud"
  packages = [
    ".",
    "internal",
    "openstack",
    "openstack/blockstorage/v3/volumes",
    "openstack/common/extensions",
    "openstack/compute/v2/extensions/attachinterfaces",
    "openstack/compute/v2/extensions/bootfromvolume",
    "openstack/compute/v2/extensions/floatingips",
    "openstack/compute/v2/extensions/keypairs",
    "openstack/compute/v2/flavors",
    "openstack/compute/v2/images",
    "openstack/compute/v2/servers",
    "openstack/identity/v2/tenants",
    "openstack/identity/v2/tokens",
    "openstack/identity/v3/tokens",
    "openstack/imageservice/v2/images",
    "openstack/networking/v2/extensions",
    "openstack/networking/v2/extensions/attributestags",
    "openstack/networking/v2/extensions/layer3/routers",
    "openstack/networking/v2/extensions/security/groups",
    "openstack/networking/v2/extensions/security/rules",
    "openstack/networking/v2/extensions/trunks",
    "openstack/networking/v2/networks",
    "openstack/networking/v2/ports",
    "openstack/networking/v2/subnets",
    "openstack/utils",
    "pagination",
  ]
  pruneopts = "NUT"
  revision = "6ad562af8c1fd8a69397a13caf58fa184d115b56"

[[projects]]
  digest = "1:e27049cb48bc2850a6c00f590a83ee81fc05703543088851c9d6628841844a6d"
  name = "github.com/gophercloud/utils"
  packages = ["openstack/clientconfig"]
  pruneopts = "NUT"
  revision = "9c3b9f2457ef7011d3a20c9964e5d7107e9ed33c"

[[projects]]
  digest = "1:ed860d2b2c1d066d36a89c982eefc7d019badd534f60e87ab65d3d94f0797ef0"
  name = "github.com/hashicorp/golang-lru"
  packages = [
    ".",
    "simplelru",
  ]
  pruneopts = "NUT"
  revision = "7f827b33c0f158ec5dfbba01bb0b14a4541fd81d"
  version = "v0.5.3"

[[projects]]
  digest = "1:7c47a990a91ab4922f4009c8ba8dcf35dad08e2b697cf26ea87eaae90e3f7aa1"
  name = "github.com/imdario/mergo"
  packages = ["."]
  pruneopts = "NUT"
  revision = "1afb36080aec31e0d1528973ebe6721b191b0369"
  version = "v0.3.8"

[[projects]]
  digest = "1:406338ad39ab2e37b7f4452906442a3dbf0eb3379dd1f06aafb5c07e769a5fbb"
  name = "github.com/inconshreveable/mousetrap"
  packages = ["."]
  pruneopts = "NUT"
  revision = "76626ae9c91c4f2a10f34cad8ce83ea42c93bb75"
  version = "v1.0"

[[projects]]
  digest = "1:996dd5b4e2def9c256d4aa732db9a2d16d00a5eaf264139fa4bce5a4d2dc5fde"
  name = "github.com/json-iterator/go"
  packages = ["."]
  pruneopts = "NUT"
  revision = "03217c3e97663914aec3faafde50d081f197a0a2"
  version = "v1.1.8"

[[projects]]
  digest = "1:08c231ec84231a7e23d67e4b58f975e1423695a32467a362ee55a803f9de8061"
  name = "github.com/mattn/go-colorable"
  packages = ["."]
  pruneopts = "NUT"
  revision = "167de6bfdfba052fa6b2d3664c8f5272e23c9072"
  version = "v0.0.9"

[[projects]]
  digest = "1:f70baa68d82763379f5d039daca4a568d2246beec2dde096f756aa4768cfb786"
  name = "github.com/mattn/go-isatty"
  packages = ["."]
  pruneopts = "NUT"
  revision = "88ba11cfdc67c7588b30042edf244b2875f892b6"
  version = "v0.0.10"

[[projects]]
  digest = "1:5985ef4caf91ece5d54817c11ea25f182697534f8ae6521eadcd628c142ac4b6"
  name = "github.com/matttproud/golang_protobuf_extensions"
  packages = ["pbutil"]
  pruneopts = "NUT"
  revision = "c12348ce28de40eed0136aa2b644d0ee0650e56c"
  version = "v1.0.1"

[[projects]]
  digest = "1:2f42fa12d6911c7b7659738758631bec870b7e9b4c6be5444f963cdcfccc191f"
  name = "github.com/modern-go/concurrent"
  packages = ["."]
  pruneopts = "NUT"
  revision = "bacd9c7ef1dd9b15be4a9909b8ac7a4e313eec94"
  version = "1.0.3"

[[projects]]
  digest = "1:c6aca19413b13dc59c220ad7430329e2ec454cc310bc6d8de2c7e2b93c18a0f6"
  name = "github.com/modern-go/reflect2"
  packages = ["."]
  pruneopts = "NUT"
  revision = "4b7aa43c6742a2c18fdef89dd197aaae7dac7ccd"
  version = "1.0.1"

[[projects]]
  digest = "1:4f242066f025afdf7ecb7eb7120314131d22cad1e348025b3aab0e8fb437a0c7"
  name = "github.com/onsi/gomega"
  packages = [
    ".",
    "format",
    "gbytes",
    "gexec",
    "internal/assertion",
    "internal/asyncassertion",
    "internal/oraclematcher",
    "internal/testingtsupport",
    "matchers",
    "matchers/support/goraph/bipartitegraph",
    "matchers/support/goraph/edge",
    "matchers/support/goraph/node",
    "matchers/support/goraph/util",
    "types",
  ]
  pruneopts = "NUT"
  revision = "bdebf9e0ece900259084cfa4121b97ce1a540939"
  version = "v1.7.0"

[[projects]]
  branch = "master"
  digest = "1:aab673e4e0d28439a249f3be2f4f2373570b5f646b980fa168fe504f13227e9d"
  name = "github.com/openshift/api"
  packages = ["config/v1"]
  pruneopts = "NUT"
  revision = "ec2999d7156453caae475e6bbe87231a7c4aabc7"

[[projects]]
  branch = "master"
  digest = "1:e0bf0187617c76fc93e03b3c4bd3a43d9609a7b39a76ceec5ab2948f3bfd2303"
  name = "github.com/openshift/client-go"
  packages = [
    "config/clientset/versioned/scheme",
    "config/clientset/versioned/typed/config/v1",
  ]
  pruneopts = "NUT"
  revision = "2823239d2298214509c3536714f684101799e81b"

[[projects]]
  branch = "master"
  digest = "1:90f1173a8aa9285bdf764e7e714e23c30ac3fe71aecc055e2aabdb5e555785e7"
  name = "github.com/openshift/cluster-api"
  packages = [
    "pkg/apis",
    "pkg/apis/cluster/common",
    "pkg/apis/cluster/v1alpha1",
    "pkg/apis/machine/common",
    "pkg/apis/machine/v1beta1",
    "pkg/controller/error",
    "pkg/controller/machine",
    "pkg/drain",
    "pkg/errors",
    "pkg/util",
  ]
  pruneopts = "T"
  revision = "9a3a7bbe9258f5c3117cb2aba6a560babe0d59f8"

[[projects]]
  digest = "1:14715f705ff5dfe0ffd6571d7d201dd8e921030f8070321a79380d8ca4ec1a24"
  name = "github.com/pkg/errors"
  packages = ["."]
  pruneopts = "NUT"
  revision = "ba968bfe8b2f7e042a574c888954fccecfa385b4"
  version = "v0.8.1"

[[projects]]
  digest = "1:097cc61836050f45cbb712ae3bb45d66fba464c16b8fac09907fa3c1f753eff6"
  name = "github.com/prometheus/client_golang"
  packages = [
    "prometheus",
    "prometheus/internal",
    "prometheus/promhttp",
  ]
  pruneopts = "NUT"
  revision = "170205fb58decfd011f1550d4cfb737230d7ae4f"
  version = "v1.1.0"

[[projects]]
  branch = "master"
  digest = "1:2d5cd61daa5565187e1d96bae64dbbc6080dacf741448e9629c64fd93203b0d4"
  name = "github.com/prometheus/client_model"
  packages = ["go"]
  pruneopts = "NUT"
  revision = "14fe0d1b01d4d5fc031dd4bec1823bd3ebbe8016"

[[projects]]
  digest = "1:98278956c7c550efc75a027e528aa51743f06fd0e33613d7ed224432a11e5ecf"
  name = "github.com/prometheus/common"
  packages = [
    "expfmt",
    "internal/bitbucket.org/ww/goautoneg",
    "model",
  ]
  pruneopts = "NUT"
  revision = "287d3e634a1e550c9e463dd7e5a75a422c614505"
  version = "v0.7.0"

[[projects]]
  digest = "1:bbbacd138cb711e328390a2d4bfaca1a41a8575f3c893450bf2ea1b74acdc7be"
  name = "github.com/prometheus/procfs"
  packages = [
    ".",
    "internal/fs",
    "internal/util",
  ]
  pruneopts = "NUT"
  revision = "499c85531f756d1129edd26485a5f73871eeb308"
  version = "v0.0.5"

[[projects]]
  digest = "1:d3533ee568fc00a971617ec09dc0f0b3eddfb4adbc1275f8f6332553d67506b4"
  name = "github.com/spf13/cobra"
  packages = ["."]
  pruneopts = "NUT"
  revision = "f2b07da1e2c38d5f12845a4f607e2e1018cbb1f5"
  version = "v0.0.5"

[[projects]]
  digest = "1:d115708a27806831d1babbc6f28a7478ddf8e32a7095507c816e2515fb03a810"
  name = "github.com/spf13/pflag"
  packages = ["."]
  pruneopts = "NUT"
  revision = "2e9d26c8c37aae03e3f9d4e90b7116f5accb7cab"
  version = "v1.0.5"

[[projects]]
  branch = "master"
  digest = "1:c9b456727ce4101594aabddaa816c80464cd21a1e5fcd145297a902303be0085"
  name = "github.com/vincent-petithory/dataurl"
  packages = ["."]
  pruneopts = "NUT"
  revision = "9a301d65acbb728fcc3ace14f45f511a4cfeea9c"

[[projects]]
  branch = "master"
  digest = "1:91ed6116b126ec7fa7b9f9460356ee6b3005e5ed320b8e85510937f44d3d62d5"
  name = "go4.org"
  packages = ["errorutil"]
  pruneopts = "NUT"
  revision = "132d2879e1e95dadb805c26cd339344efd1a67c8"

[[projects]]
  branch = "master"
  digest = "1:bbe51412d9915d64ffaa96b51d409e070665efc5194fcf145c4a27d4133107a4"
  name = "golang.org/x/crypto"
  packages = ["ssh/terminal"]
  pruneopts = "NUT"
  revision = "8986dd9e96cf0a6f74da406c005ba3df38527c04"

[[projects]]
  branch = "master"
  digest = "1:15df282f3aeddd82455412f88743a0076efa07aca5430c4b1df6d5bcb445ec82"
  name = "golang.org/x/net"
  packages = [
    "context",
    "context/ctxhttp",
    "html",
    "html/atom",
    "html/charset",
    "http/httpguts",
    "http2",
    "http2/hpack",
    "idna",
  ]
  pruneopts = "NUT"
  revision = "fe3aa8a4527195a6057b3fad46619d7d090e99b5"

[[projects]]
  branch = "master"
  digest = "1:1519760444b90c560eb01373869bc66fd539e6fe1bf77af22047c43edc40ab35"
  name = "golang.org/x/oauth2"
  packages = [
    ".",
    "google",
    "internal",
    "jws",
    "jwt",
  ]
  pruneopts = "NUT"
  revision = "0f29369cfe4552d0e4bcddc57cc75f4d7e672a33"

[[projects]]
  branch = "master"
  digest = "1:408a94c76c887b39ec671e814fe27287ac9fa595d58409efdb020890f7acfa5c"
  name = "golang.org/x/sys"
  packages = [
    "unix",
    "windows",
  ]
  pruneopts = "NUT"
  revision = "f43be2a4598cf3a47be9f94f0c28197ed9eae611"

[[projects]]
  digest = "1:28deae5fe892797ff37a317b5bcda96d11d1c90dadd89f1337651df3bc4c586e"
  name = "golang.org/x/text"
  packages = [
    "collate",
    "collate/build",
    "encoding",
    "encoding/charmap",
    "encoding/htmlindex",
    "encoding/internal",
    "encoding/internal/identifier",
    "encoding/japanese",
    "encoding/korean",
    "encoding/simplifiedchinese",
    "encoding/traditionalchinese",
    "encoding/unicode",
    "internal/colltab",
    "internal/gen",
    "internal/language",
    "internal/language/compact",
    "internal/tag",
    "internal/triegen",
    "internal/ucd",
    "internal/utf8internal",
    "language",
    "runes",
    "secure/bidirule",
    "transform",
    "unicode/bidi",
    "unicode/cldr",
    "unicode/norm",
    "unicode/rangetable",
  ]
  pruneopts = "NUT"
  revision = "342b2e1fbaa52c93f31447ad2c6abc048c63e475"
  version = "v0.3.2"

[[projects]]
  branch = "master"
  digest = "1:a2f668c709f9078828e99cb1768cb02e876cb81030545046a32b54b2ac2a9ea8"
  name = "golang.org/x/time"
  packages = ["rate"]
  pruneopts = "NUT"
  revision = "555d28b269f0569763d25dbe1a237ae74c6bcc82"

[[projects]]
  branch = "master"
  digest = "1:44f5a08bd419fab363474fc392ea4cdc6201963c3fae52596817bae48da99f60"
  name = "golang.org/x/tools"
  packages = [
    "go/ast/astutil",
    "go/gcexportdata",
    "go/internal/gcimporter",
    "go/internal/packagesdriver",
    "go/packages",
    "go/types/typeutil",
    "imports",
    "internal/fastwalk",
    "internal/gopathwalk",
    "internal/imports",
    "internal/module",
    "internal/semver",
    "internal/span",
  ]
  pruneopts = "NUT"
  revision = "86caa796c7ab0e32b908c5ebd5748faedd06c1da"

[[projects]]
  branch = "master"
  digest = "1:c0619d0c0c2f585812ce9f844eafb9c5660f5bd723c9ac0cd60b7fac665d2ac6"
  name = "golang.org/x/xerrors"
  packages = [
    ".",
    "internal",
  ]
  pruneopts = "NUT"
  revision = "1b5146add8981d58be77b16229c0ff0f8bebd8c1"

[[projects]]
  digest = "1:8392b5c29adedc5f85c66b48bb53b6c49dd91d8540f3cad5d43ef7277946718f"
  name = "gomodules.xyz/jsonpatch"
  packages = ["v2"]
  pruneopts = "NUT"
  revision = "e8422f09d27ee2c8cfb2c7f8089eb9eeb0764849"
  version = "v2.0.1"

[[projects]]
  digest = "1:c381a96ea5276e8c5e98b2fa4fab83be71a959ff37dc51117555dc5059390c18"
  name = "google.golang.org/appengine"
  packages = [
    ".",
    "internal",
    "internal/app_identity",
    "internal/base",
    "internal/datastore",
    "internal/log",
    "internal/modules",
    "internal/remote_api",
    "internal/urlfetch",
    "urlfetch",
  ]
  pruneopts = "NUT"
  revision = "971852bfffca25b069c31162ae8f247a3dba083b"
  version = "v1.6.5"

[[projects]]
  digest = "1:1b91ae0dc69a41d4c2ed23ea5cffb721ea63f5037ca4b81e6d6771fbb8f45129"
  name = "gopkg.in/fsnotify.v1"
  packages = ["."]
  pruneopts = "NUT"
  revision = "c2828203cd70a50dcccfb2761f8b1f8ceef9a8e9"
  source = "https://github.com/fsnotify/fsnotify.git"
  version = "v1.4.7"

[[projects]]
  digest = "1:2d1fbdc6777e5408cabeb02bf336305e724b925ff4546ded0fa8715a7267922a"
  name = "gopkg.in/inf.v0"
  packages = ["."]
  pruneopts = "NUT"
  revision = "d2d2541c53f18d2a059457998ce2876cc8e67cbf"
  version = "v0.9.1"

[[projects]]
  digest = "1:accc3bfe4e404aa53ac3621470e7cf9fce1efe48f0fabcfe6d12a72579d9d91f"
  name = "gopkg.in/yaml.v2"
  packages = ["."]
  pruneopts = "NUT"
  revision = "f221b8435cfb71e54062f6c6e99e9ade30b124d5"
  version = "v2.2.4"

[[projects]]
  branch = "v3"
  digest = "1:f7636e6b143745e72eac188d805c05e1891ba88f297758a1624c6abdcd80b703"
  name = "gopkg.in/yaml.v3"
  packages = ["."]
  pruneopts = "NUT"
  revision = "0b21df46bc1d83409da069ba73978e31b1f1c323"

[[projects]]
  digest = "1:d77b48cc0ea74f3edbc8e0515a0ce2fa2154eb414137dd4fb5a642a73296d403"
  name = "k8s.io/api"
  packages = [
    "admission/v1beta1",
    "admissionregistration/v1",
    "admissionregistration/v1beta1",
    "apps/v1",
    "apps/v1beta1",
    "apps/v1beta2",
    "auditregistration/v1alpha1",
    "authentication/v1",
    "authentication/v1beta1",
    "authorization/v1",
    "authorization/v1beta1",
    "autoscaling/v1",
    "autoscaling/v2beta1",
    "autoscaling/v2beta2",
    "batch/v1",
    "batch/v1beta1",
    "batch/v2alpha1",
    "certificates/v1beta1",
    "coordination/v1",
    "coordination/v1beta1",
    "core/v1",
    "discovery/v1alpha1",
    "events/v1beta1",
    "extensions/v1beta1",
    "networking/v1",
    "networking/v1beta1",
    "node/v1alpha1",
    "node/v1beta1",
    "policy/v1beta1",
    "rbac/v1",
    "rbac/v1alpha1",
    "rbac/v1beta1",
    "scheduling/v1",
    "scheduling/v1alpha1",
    "scheduling/v1beta1",
    "settings/v1alpha1",
    "storage/v1",
    "storage/v1alpha1",
    "storage/v1beta1",
  ]
  pruneopts = "NUT"
  revision = "95b840bb6a1f5f0462af804c8589396d294d4914"
  version = "kubernetes-1.16.0"

[[projects]]
  digest = "1:7735df643217ae7c7172476ad7dfbe28dc5388e6a5e548fe928f416538217919"
  name = "k8s.io/apiextensions-apiserver"
  packages = [
    "pkg/apis/apiextensions",
    "pkg/apis/apiextensions/v1beta1",
  ]
  pruneopts = "NUT"
  revision = "8f644eb6e783291c4b8cb8cb25a9983be1a74f5c"
  version = "kubernetes-1.16.0"

[[projects]]
  digest = "1:c1fd147726e0e0693bc688b2d620e76974b4eab8a0b73906ba4e7447f7192d14"
  name = "k8s.io/apimachinery"
  packages = [
    "pkg/api/equality",
    "pkg/api/errors",
    "pkg/api/meta",
    "pkg/api/resource",
    "pkg/apis/meta/internalversion",
    "pkg/apis/meta/v1",
    "pkg/apis/meta/v1/unstructured",
    "pkg/apis/meta/v1/validation",
    "pkg/apis/meta/v1beta1",
    "pkg/conversion",
    "pkg/conversion/queryparams",
    "pkg/fields",
    "pkg/labels",
    "pkg/runtime",
    "pkg/runtime/schema",
    "pkg/runtime/serializer",
    "pkg/runtime/serializer/json",
    "pkg/runtime/serializer/protobuf",
    "pkg/runtime/serializer/recognizer",
    "pkg/runtime/serializer/streaming",
    "pkg/runtime/serializer/versioning",
    "pkg/selection",
    "pkg/types",
    "pkg/util/cache",
    "pkg/util/clock",
    "pkg/util/diff",
    "pkg/util/errors",
    "pkg/util/framer",
    "pkg/util/intstr",
    "pkg/util/json",
    "pkg/util/mergepatch",
    "pkg/util/naming",
    "pkg/util/net",
    "pkg/util/runtime",
    "pkg/util/sets",
    "pkg/util/strategicpatch",
    "pkg/util/uuid",
    "pkg/util/validation",
    "pkg/util/validation/field",
    "pkg/util/wait",
    "pkg/util/yaml",
    "pkg/version",
    "pkg/watch",
    "third_party/forked/golang/json",
    "third_party/forked/golang/reflect",
  ]
  pruneopts = "T"
  revision = "27d36303b6556f377b4f34e64705fa9024a12b0c"
  version = "kubernetes-1.16.0"

[[projects]]
  digest = "1:c44162dc54e026cd4dae11dc9b30daee74daa1b96d900b917d35a303272d91ab"
  name = "k8s.io/client-go"
  packages = [
    "discovery",
    "dynamic",
    "kubernetes",
    "kubernetes/scheme",
    "kubernetes/typed/admissionregistration/v1",
    "kubernetes/typed/admissionregistration/v1beta1",
    "kubernetes/typed/apps/v1",
    "kubernetes/typed/apps/v1beta1",
    "kubernetes/typed/apps/v1beta2",
    "kubernetes/typed/auditregistration/v1alpha1",
    "kubernetes/typed/authentication/v1",
    "kubernetes/typed/authentication/v1beta1",
    "kubernetes/typed/authorization/v1",
    "kubernetes/typed/authorization/v1beta1",
    "kubernetes/typed/autoscaling/v1",
    "kubernetes/typed/autoscaling/v2beta1",
    "kubernetes/typed/autoscaling/v2beta2",
    "kubernetes/typed/batch/v1",
    "kubernetes/typed/batch/v1beta1",
    "kubernetes/typed/batch/v2alpha1",
    "kubernetes/typed/certificates/v1beta1",
    "kubernetes/typed/coordination/v1",
    "kubernetes/typed/coordination/v1beta1",
    "kubernetes/typed/core/v1",
    "kubernetes/typed/discovery/v1alpha1",
    "kubernetes/typed/events/v1beta1",
    "kubernetes/typed/extensions/v1beta1",
    "kubernetes/typed/networking/v1",
    "kubernetes/typed/networking/v1beta1",
    "kubernetes/typed/node/v1alpha1",
    "kubernetes/typed/node/v1beta1",
    "kubernetes/typed/policy/v1beta1",
    "kubernetes/typed/rbac/v1",
    "kubernetes/typed/rbac/v1alpha1",
    "kubernetes/typed/rbac/v1beta1",
    "kubernetes/typed/scheduling/v1",
    "kubernetes/typed/scheduling/v1alpha1",
    "kubernetes/typed/scheduling/v1beta1",
    "kubernetes/typed/settings/v1alpha1",
    "kubernetes/typed/storage/v1",
    "kubernetes/typed/storage/v1alpha1",
    "kubernetes/typed/storage/v1beta1",
    "pkg/apis/clientauthentication",
    "pkg/apis/clientauthentication/v1alpha1",
    "pkg/apis/clientauthentication/v1beta1",
    "pkg/version",
    "plugin/pkg/client/auth/exec",
    "plugin/pkg/client/auth/gcp",
    "rest",
    "rest/watch",
    "restmapper",
    "third_party/forked/golang/template",
    "tools/auth",
    "tools/cache",
    "tools/clientcmd",
    "tools/clientcmd/api",
    "tools/clientcmd/api/latest",
    "tools/clientcmd/api/v1",
    "tools/leaderelection",
    "tools/leaderelection/resourcelock",
    "tools/metrics",
    "tools/pager",
    "tools/record",
    "tools/record/util",
    "tools/reference",
    "transport",
    "util/cert",
    "util/connrotation",
    "util/flowcontrol",
    "util/homedir",
    "util/jsonpath",
    "util/keyutil",
    "util/retry",
    "util/workqueue",
  ]
  pruneopts = "NUT"
  revision = "1fbdaa4c8d908275eee958429b1cafc2591a2c5d"
  version = "kubernetes-1.16.0"

[[projects]]
  digest = "1:28fd6a61b5220aab30c6f7344676ff5aaea4a5f14407d95f33e238b13da2d2ef"
  name = "k8s.io/cluster-bootstrap"
  packages = [
    "token/api",
    "token/util",
  ]
  pruneopts = "NUT"
  revision = "c9acc0c1bea2de07a6d31502c2fece9139c7f793"

[[projects]]
  digest = "1:937e46834bfd618b223206d7e3d459bf0eb53ac7d05135bf809d73b8fafdf7f7"
  name = "k8s.io/code-generator"
  packages = [
    "cmd/deepcopy-gen",
    "cmd/deepcopy-gen/args",
    "pkg/util",
  ]
  pruneopts = "NUT"
  revision = "cd179ad6a2693011d6f2fa5cd64c6680ee99379f"
  version = "kubernetes-1.16.0"

[[projects]]
  branch = "master"
  digest = "1:5d85e7488a6829643e52693cd548582a56858bfe24f9444d2f1ac2b69f3f5c36"
  name = "k8s.io/gengo"
  packages = [
    "args",
    "examples/deepcopy-gen/generators",
    "examples/set-gen/sets",
    "generator",
    "namer",
    "parser",
    "types",
  ]
  pruneopts = "NUT"
  revision = "7fa3014cb28f99ce2d9e803bcd3efa7edd4effa9"

[[projects]]
  digest = "1:9cc257b3c9ff6a0158c9c661ab6eebda1fe8a4a4453cd5c4044dc9a2ebfb992b"
  name = "k8s.io/klog"
  packages = ["."]
  pruneopts = "NUT"
  revision = "a5bc97fbc634d635061f3146511332c7e313a55a"
  version = "v0.1.0"

[[projects]]
  branch = "master"
  digest = "1:42674e29bf0cf4662d49bd9528e24b9ecc4895b32d0be281f9cf04d3a7671846"
  name = "k8s.io/kube-openapi"
  packages = ["pkg/util/proto"]
  pruneopts = "NUT"
  revision = "0270cf2f1c1d995d34b36019a6f65d58e6e33ad4"

[[projects]]
  branch = "master"
  digest = "1:99dbf7ef753ca02399778c93a4ed4b689b28668317134ecd1fabeb07be70f354"
  name = "k8s.io/utils"
  packages = [
    "buffer",
    "integer",
    "pointer",
    "trace",
  ]
  pruneopts = "NUT"
  revision = "8d271d903fe4c290aa361acfb242cff7bcee96f1"

[[projects]]
  branch = "kube-1.16.0"
  digest = "1:79b4465a7e6c5d95eb01ed10e775075b35470b50f4d75c88b29eba41b79d81c9"
  name = "sigs.k8s.io/controller-runtime"
  packages = [
    "pkg/cache",
    "pkg/cache/internal",
    "pkg/client",
    "pkg/client/apiutil",
    "pkg/client/config",
    "pkg/controller",
    "pkg/event",
    "pkg/handler",
    "pkg/healthz",
    "pkg/internal/controller",
    "pkg/internal/controller/metrics",
    "pkg/internal/log",
    "pkg/internal/recorder",
    "pkg/leaderelection",
    "pkg/log",
    "pkg/manager",
    "pkg/manager/signals",
    "pkg/metrics",
    "pkg/predicate",
    "pkg/reconcile",
    "pkg/recorder",
    "pkg/runtime/inject",
    "pkg/runtime/signals",
    "pkg/scheme",
    "pkg/source",
    "pkg/source/internal",
    "pkg/webhook",
    "pkg/webhook/admission",
    "pkg/webhook/internal/certwatcher",
    "pkg/webhook/internal/metrics",
  ]
  pruneopts = "NUT"
  revision = "b2bc3490f2e3d30e331bff2eaf948e78759ab5c5"
  source = "github.com/enxebre/controller-runtime"

[[projects]]
  digest = "1:6b9286b2e581121d06fa50a855198a3fcfa06ef9448570b2ef13e0cc7e26ce85"
  name = "sigs.k8s.io/controller-tools"
  packages = [
    "cmd/controller-gen",
    "pkg/crd",
    "pkg/crd/markers",
    "pkg/deepcopy",
    "pkg/genall",
    "pkg/genall/help",
    "pkg/genall/help/pretty",
    "pkg/loader",
    "pkg/markers",
    "pkg/rbac",
    "pkg/schemapatcher",
    "pkg/schemapatcher/internal/yaml",
    "pkg/version",
    "pkg/webhook",
  ]
  pruneopts = "NUT"
  revision = "d556e7d0fb947b07a02d5c202e2e3b898b9e28e7"
  version = "v0.2.2"

[[projects]]
  digest = "1:79012a83a6630d5e3ec068e6e8dd44d199393f53ab05e741b832abaa1ce3c756"
  name = "sigs.k8s.io/testing_frameworks"
  packages = [
    "integration",
    "integration/addr",
    "integration/internal",
  ]
  pruneopts = "NUT"
  revision = "c7087048c932a346b910a2240f3a053e544eb352"
  version = "v0.1.2"

[[projects]]
  digest = "1:8730e0150dfb2b7e173890c8b9868e7a273082ef8e39f4940e3506a481cf895c"
  name = "sigs.k8s.io/yaml"
  packages = ["."]
  pruneopts = "NUT"
  revision = "fd68e9863619f6ec2fdd8625fe1f02e7c877e480"
  version = "v1.1.0"

[solve-meta]
  analyzer-name = "dep"
  analyzer-version = 1
  input-imports = [
    "github.com/coreos/container-linux-config-transpiler/config",
    "github.com/gophercloud/gophercloud",
    "github.com/gophercloud/gophercloud/openstack",
    "github.com/gophercloud/gophercloud/openstack/blockstorage/v3/volumes",
    "github.com/gophercloud/gophercloud/openstack/common/extensions",
    "github.com/gophercloud/gophercloud/openstack/compute/v2/extensions/attachinterfaces",
    "github.com/gophercloud/gophercloud/openstack/compute/v2/extensions/bootfromvolume",
    "github.com/gophercloud/gophercloud/openstack/compute/v2/extensions/floatingips",
    "github.com/gophercloud/gophercloud/openstack/compute/v2/extensions/keypairs",
    "github.com/gophercloud/gophercloud/openstack/compute/v2/flavors",
    "github.com/gophercloud/gophercloud/openstack/compute/v2/servers",
    "github.com/gophercloud/gophercloud/openstack/identity/v3/tokens",
    "github.com/gophercloud/gophercloud/openstack/imageservice/v2/images",
    "github.com/gophercloud/gophercloud/openstack/networking/v2/extensions",
    "github.com/gophercloud/gophercloud/openstack/networking/v2/extensions/attributestags",
    "github.com/gophercloud/gophercloud/openstack/networking/v2/extensions/layer3/routers",
    "github.com/gophercloud/gophercloud/openstack/networking/v2/extensions/security/groups",
    "github.com/gophercloud/gophercloud/openstack/networking/v2/extensions/security/rules",
    "github.com/gophercloud/gophercloud/openstack/networking/v2/extensions/trunks",
    "github.com/gophercloud/gophercloud/openstack/networking/v2/networks",
    "github.com/gophercloud/gophercloud/openstack/networking/v2/ports",
    "github.com/gophercloud/gophercloud/openstack/networking/v2/subnets",
    "github.com/gophercloud/gophercloud/pagination",
    "github.com/gophercloud/utils/openstack/clientconfig",
    "github.com/openshift/client-go/config/clientset/versioned/typed/config/v1",
    "github.com/openshift/cluster-api/pkg/apis",
    "github.com/openshift/cluster-api/pkg/apis/cluster/common",
    "github.com/openshift/cluster-api/pkg/apis/cluster/v1alpha1",
    "github.com/openshift/cluster-api/pkg/apis/machine/v1beta1",
    "github.com/openshift/cluster-api/pkg/controller/machine",
    "github.com/openshift/cluster-api/pkg/errors",
    "github.com/openshift/cluster-api/pkg/util",
    "github.com/pkg/errors",
    "gopkg.in/yaml.v2",
    "k8s.io/api/core/v1",
    "k8s.io/apiextensions-apiserver/pkg/apis/apiextensions/v1beta1",
    "k8s.io/apimachinery/pkg/api/equality",
    "k8s.io/apimachinery/pkg/api/errors",
    "k8s.io/apimachinery/pkg/apis/meta/v1",
    "k8s.io/apimachinery/pkg/runtime",
    "k8s.io/apimachinery/pkg/runtime/schema",
    "k8s.io/apimachinery/pkg/runtime/serializer/json",
    "k8s.io/apimachinery/pkg/util/json",
    "k8s.io/client-go/kubernetes",
    "k8s.io/client-go/plugin/pkg/client/auth/gcp",
    "k8s.io/client-go/tools/record",
    "k8s.io/cluster-bootstrap/token/api",
    "k8s.io/cluster-bootstrap/token/util",
    "k8s.io/code-generator/cmd/deepcopy-gen",
    "k8s.io/klog",
    "sigs.k8s.io/controller-runtime/pkg/client",
    "sigs.k8s.io/controller-runtime/pkg/client/config",
    "sigs.k8s.io/controller-runtime/pkg/controller",
    "sigs.k8s.io/controller-runtime/pkg/handler",
    "sigs.k8s.io/controller-runtime/pkg/manager",
    "sigs.k8s.io/controller-runtime/pkg/runtime/signals",
    "sigs.k8s.io/controller-runtime/pkg/scheme",
    "sigs.k8s.io/controller-runtime/pkg/source",
    "sigs.k8s.io/controller-tools/cmd/controller-gen",
    "sigs.k8s.io/testing_frameworks/integration",
    "sigs.k8s.io/yaml",
  ]
  solver-name = "gps-cdcl"
  solver-version = 1
